
Microsoft Visual Studio Solution File, Format Version 12.00
# Visual Studio Version 17
VisualStudioVersion = 17.4.33403.182
MinimumVisualStudioVersion = 10.0.40219.1
Project("{FAE04EC0-301F-11D3-BF4B-00C04F79EFBC}") = "Owned", "Owned\Owned.csproj", "{9FE289D5-39B1-47F0-8296-E4B41C4D43EF}"
EndProject
Global
	GlobalSection(SolutionConfigurationPlatforms) = preSolution
		Debug|Any CPU = Debug|Any CPU
		Release|Any CPU = Release|Any CPU
	EndGlobalSection
	GlobalSection(ProjectConfigurationPlatforms) = postSolution
		{9FE289D5-39B1-47F0-8296-E4B41C4D43EF}.Debug|Any CPU.ActiveCfg = Debug|Any CPU
		{9FE289D5-39B1-47F0-8296-E4B41C4D43EF}.Debug|Any CPU.Build.0 = Debug|Any CPU
		{9FE289D5-39B1-47F0-8296-E4B41C4D43EF}.Release|Any CPU.ActiveCfg = Release|Any CPU
		{9FE289D5-39B1-47F0-8296-E4B41C4D43EF}.Release|Any CPU.Build.0 = Release|Any CPU
	EndGlobalSection
	GlobalSection(SolutionProperties) = preSolution
		HideSolutionNode = FALSE
	EndGlobalSection
	GlobalSection(ExtensibilityGlobals) = postSolution
		SolutionGuid = {DA1E1C03-DC13-406F-955D-3389AB287B26}
	EndGlobalSection
EndGlobal
